{
  "name": "reqless",
  "version": "1.0.0",
  "lockfileVersion": 2,
  "requires": true,
  "packages": {
    "": {
      "name": "reqless",
      "version": "1.0.0",
      "license": "ISC",
      "dependencies": {
        "@swc/core": "^1.2.196"
      },
      "devDependencies": {
        "@types/node": "^17.0.36",
        "typescript": "^4.7.2"
      }
    },
    "node_modules/@swc/core": {
      "version": "1.2.196",
      "resolved": "https://registry.npmjs.org/@swc/core/-/core-1.2.196.tgz",
      "integrity": "sha512-395byH+v71OwJpXIvt+FZJZeF20Cs+LwYkURpkkmN5aKImdTuCqnNqapWsh3nfuIgDdC5k8QvrGEQNTmE8+cTw==",
      "bin": {
        "swcx": "run_swcx.js"
      },
      "engines": {
        "node": ">=10"
      },
      "funding": {
        "type": "opencollective",
        "url": "https://opencollective.com/swc"
      },
      "optionalDependencies": {
        "@swc/core-android-arm-eabi": "1.2.196",
        "@swc/core-android-arm64": "1.2.196",
        "@swc/core-darwin-arm64": "1.2.196",
        "@swc/core-darwin-x64": "1.2.196",
        "@swc/core-freebsd-x64": "1.2.196",
        "@swc/core-linux-arm-gnueabihf": "1.2.196",
        "@swc/core-linux-arm64-gnu": "1.2.196",
        "@swc/core-linux-arm64-musl": "1.2.196",
        "@swc/core-linux-x64-gnu": "1.2.196",
        "@swc/core-linux-x64-musl": "1.2.196",
        "@swc/core-win32-arm64-msvc": "1.2.196",
        "@swc/core-win32-ia32-msvc": "1.2.196",
        "@swc/core-win32-x64-msvc": "1.2.196"
      }
    },
    "node_modules/@swc/core-android-arm-eabi": {
      "version": "1.2.196",
      "resolved": "https://registry.npmjs.org/@swc/core-android-arm-eabi/-/core-android-arm-eabi-1.2.196.tgz",
      "integrity": "sha512-rWM909UT01+CWxvOkQ7f6bhtceFz/jBuVhYqtOjkDleMV6UsKVfMOAkAMQBfvQmoQzvqddypCDl5tOZIoj3O0w==",
      "cpu": [
        "arm"
      ],
      "optional": true,
      "os": [
        "android"
      ],
      "engines": {
        "node": ">=10"
      }
    },
    "node_modules/@swc/core-android-arm64": {
      "version": "1.2.196",
      "resolved": "https://registry.npmjs.org/@swc/core-android-arm64/-/core-android-arm64-1.2.196.tgz",
      "integrity": "sha512-SPNMBcziCev0B439raRC2KpRrqiw6Jw8Bvw5Swrra34kUHjxxEYbxHeFBdUA0Ka1YoMJ95gCEW9fsqTlPkYBIQ==",
      "cpu": [
        "arm64"
      ],
      "optional": true,
      "os": [
        "android"
      ],
      "engines": {
        "node": ">=10"
      }
    },
    "node_modules/@swc/core-darwin-arm64": {
      "version": "1.2.196",
      "resolved": "https://registry.npmjs.org/@swc/core-darwin-arm64/-/core-darwin-arm64-1.2.196.tgz",
      "integrity": "sha512-Sd22WY9frsbUQVay9LTakqFtkOnzkWw+PB1iwcpBzenOVQxbQ8i7JlxcujTkMFc2J/SAKDelq+M4TE6JEdfU6A==",
      "cpu": [
        "arm64"
      ],
      "optional": true,
      "os": [
        "darwin"
      ],
      "engines": {
        "node": ">=10"
      }
    },
    "node_modules/@swc/core-darwin-x64": {
      "version": "1.2.196",
      "resolved": "https://registry.npmjs.org/@swc/core-darwin-x64/-/core-darwin-x64-1.2.196.tgz",
      "integrity": "sha512-1z0ROEMIKjAqEc/jNdZwcdgWzUqw/mHmhQABm1J6lUf3UEucUAy/4cniWPHXKKRCdj7Eq7kHtU52ynQpB/ii0Q==",
      "cpu": [
        "x64"
      ],
      "optional": true,
      "os": [
        "darwin"
      ],
      "engines": {
        "node": ">=10"
      }
    },
    "node_modules/@swc/core-freebsd-x64": {
      "version": "1.2.196",
      "resolved": "https://registry.npmjs.org/@swc/core-freebsd-x64/-/core-freebsd-x64-1.2.196.tgz",
      "integrity": "sha512-KjUo4Vgs7AuGhLJCE5yeVazTUpoiRNuaLbRxnXIC7Ua7T4JpnO9lc34aWWUhz8Gu7QLEWpLFMM52W+bwVeBi7A==",
      "cpu": [
        "x64"
      ],
      "optional": true,
      "os": [
        "freebsd"
      ],
      "engines": {
        "node": ">=10"
      }
    },
    "node_modules/@swc/core-linux-arm-gnueabihf": {
      "version": "1.2.196",
      "resolved": "https://registry.npmjs.org/@swc/core-linux-arm-gnueabihf/-/core-linux-arm-gnueabihf-1.2.196.tgz",
      "integrity": "sha512-n7V9GyPQ7H6UvJKB15K0vHek2WihbPdv866h2LG1Lrw5mxxDs5A4o7hj4scKF355kjyj9LI+4GykT3R9MpIWzw==",
      "cpu": [
        "arm"
      ],
      "optional": true,
      "os": [
        "linux"
      ],
      "engines": {
        "node": ">=10"
      }
    },
    "node_modules/@swc/core-linux-arm64-gnu": {
      "version": "1.2.196",
      "resolved": "https://registry.npmjs.org/@swc/core-linux-arm64-gnu/-/core-linux-arm64-gnu-1.2.196.tgz",
      "integrity": "sha512-1ToeE8/5Ew8HEa3GQf9znijzpmNf5jnnU39mrO0dpmhiUJVgRU/IBoe45t0I8R84PRDfayqoSfq0vPt7dWSjdQ==",
      "cpu": [
        "arm64"
      ],
      "optional": true,
      "os": [
        "linux"
      ],
      "engines": {
        "node": ">=10"
      }
    },
    "node_modules/@swc/core-linux-arm64-musl": {
      "version": "1.2.196",
      "resolved": "https://registry.npmjs.org/@swc/core-linux-arm64-musl/-/core-linux-arm64-musl-1.2.196.tgz",
      "integrity": "sha512-93Pvb0lpgL/B7Em+qAScYsf4QvE4OmuTQ+aXRz4VsKiw/+DQKt5jUmCzkYa4ecSvSur3rlqFLMU8ufPI7EF22g==",
      "cpu": [
        "arm64"
      ],
      "optional": true,
      "os": [
        "linux"
      ],
      "engines": {
        "node": ">=10"
      }
    },
    "node_modules/@swc/core-linux-x64-gnu": {
      "version": "1.2.196",
      "resolved": "https://registry.npmjs.org/@swc/core-linux-x64-gnu/-/core-linux-x64-gnu-1.2.196.tgz",
      "integrity": "sha512-JZkQ/ETPCNae8hOOfVOBHJuy9vhSJwdzWFO1Kd8PhyDyCi0caNX8Tu3mgGTZJ0UToP0ot7mC945+1w4lcuQPBA==",
      "cpu": [
        "x64"
      ],
      "optional": true,
      "os": [
        "linux"
      ],
      "engines": {
        "node": ">=10"
      }
    },
    "node_modules/@swc/core-linux-x64-musl": {
      "version": "1.2.196",
      "resolved": "https://registry.npmjs.org/@swc/core-linux-x64-musl/-/core-linux-x64-musl-1.2.196.tgz",
      "integrity": "sha512-TJAfEf7l79mceXO3AXaf4Lun8ZjjaHXMlQe/3QrtblxKUFeHgFDbQeabjcgsYyNzAffPXDLsKVvmC4GJTu35DQ==",
      "cpu": [
        "x64"
      ],
      "optional": true,
      "os": [
        "linux"
      ],
      "engines": {
        "node": ">=10"
      }
    },
    "node_modules/@swc/core-win32-arm64-msvc": {
      "version": "1.2.196",
      "resolved": "https://registry.npmjs.org/@swc/core-win32-arm64-msvc/-/core-win32-arm64-msvc-1.2.196.tgz",
      "integrity": "sha512-WDQ9HZZ8SrInw2kisBPbNg8W0IgA8P9eGijQeigyvT2rT81A/Gj9G57YMq0fQclcodBLr6SJPDIHh4fC8JInFg==",
      "cpu": [
        "arm64"
      ],
      "optional": true,
      "os": [
        "win32"
      ],
      "engines": {
        "node": ">=10"
      }
    },
    "node_modules/@swc/core-win32-ia32-msvc": {
      "version": "1.2.196",
      "resolved": "https://registry.npmjs.org/@swc/core-win32-ia32-msvc/-/core-win32-ia32-msvc-1.2.196.tgz",
      "integrity": "sha512-c355907n5RCeuF99/3nFmJdiw4Ask0BwH7hs+4Y1dcOzC/FYvh2TmYZ+VTJzL78TiIekmvi4buxGqFvHePZ2Pw==",
      "cpu": [
        "ia32"
      ],
      "optional": true,
      "os": [
        "win32"
      ],
      "engines": {
        "node": ">=10"
      }
    },
    "node_modules/@swc/core-win32-x64-msvc": {
      "version": "1.2.196",
      "resolved": "https://registry.npmjs.org/@swc/core-win32-x64-msvc/-/core-win32-x64-msvc-1.2.196.tgz",
      "integrity": "sha512-zQKrvEDmTqMd1lwbQ4KcBVKQ2OVoQlX1I/kZNISZlh/+UhBpKnkqQme/76wtILH9r0Lz+ujumL2ZvwoVAzAJkQ==",
      "cpu": [
        "x64"
      ],
      "optional": true,
      "os": [
        "win32"
      ],
      "engines": {
        "node": ">=10"
      }
    },
    "node_modules/@types/node": {
      "version": "17.0.36",
      "resolved": "https://registry.npmjs.org/@types/node/-/node-17.0.36.tgz",
      "integrity": "sha512-V3orv+ggDsWVHP99K3JlwtH20R7J4IhI1Kksgc+64q5VxgfRkQG8Ws3MFm/FZOKDYGy9feGFlZ70/HpCNe9QaA==",
      "dev": true
    },
    "node_modules/typescript": {
      "version": "4.7.2",
      "resolved": "https://registry.npmjs.org/typescript/-/typescript-4.7.2.tgz",
      "integrity": "sha512-Mamb1iX2FDUpcTRzltPxgWMKy3fhg0TN378ylbktPGPK/99KbDtMQ4W1hwgsbPAsG3a0xKa1vmw4VKZQbkvz5A==",
      "dev": true,
      "bin": {
        "tsc": "bin/tsc",
        "tsserver": "bin/tsserver"
      },
      "engines": {
        "node": ">=4.2.0"
      }
    }
  },
  "dependencies": {
    "@swc/core": {
      "version": "1.2.196",
      "resolved": "https://registry.npmjs.org/@swc/core/-/core-1.2.196.tgz",
      "integrity": "sha512-395byH+v71OwJpXIvt+FZJZeF20Cs+LwYkURpkkmN5aKImdTuCqnNqapWsh3nfuIgDdC5k8QvrGEQNTmE8+cTw==",
      "requires": {
        "@swc/core-android-arm-eabi": "1.2.196",
        "@swc/core-android-arm64": "1.2.196",
        "@swc/core-darwin-arm64": "1.2.196",
        "@swc/core-darwin-x64": "1.2.196",
        "@swc/core-freebsd-x64": "1.2.196",
        "@swc/core-linux-arm-gnueabihf": "1.2.196",
        "@swc/core-linux-arm64-gnu": "1.2.196",
        "@swc/core-linux-arm64-musl": "1.2.196",
        "@swc/core-linux-x64-gnu": "1.2.196",
        "@swc/core-linux-x64-musl": "1.2.196",
        "@swc/core-win32-arm64-msvc": "1.2.196",
        "@swc/core-win32-ia32-msvc": "1.2.196",
        "@swc/core-win32-x64-msvc": "1.2.196"
      }
    },
    "@swc/core-android-arm-eabi": {
      "version": "1.2.196",
      "resolved": "https://registry.npmjs.org/@swc/core-android-arm-eabi/-/core-android-arm-eabi-1.2.196.tgz",
      "integrity": "sha512-rWM909UT01+CWxvOkQ7f6bhtceFz/jBuVhYqtOjkDleMV6UsKVfMOAkAMQBfvQmoQzvqddypCDl5tOZIoj3O0w==",
      "optional": true
    },
    "@swc/core-android-arm64": {
      "version": "1.2.196",
      "resolved": "https://registry.npmjs.org/@swc/core-android-arm64/-/core-android-arm64-1.2.196.tgz",
      "integrity": "sha512-SPNMBcziCev0B439raRC2KpRrqiw6Jw8Bvw5Swrra34kUHjxxEYbxHeFBdUA0Ka1YoMJ95gCEW9fsqTlPkYBIQ==",
      "optional": true
    },
    "@swc/core-darwin-arm64": {
      "version": "1.2.196",
      "resolved": "https://registry.npmjs.org/@swc/core-darwin-arm64/-/core-darwin-arm64-1.2.196.tgz",
      "integrity": "sha512-Sd22WY9frsbUQVay9LTakqFtkOnzkWw+PB1iwcpBzenOVQxbQ8i7JlxcujTkMFc2J/SAKDelq+M4TE6JEdfU6A==",
      "optional": true
    },
    "@swc/core-darwin-x64": {
      "version": "1.2.196",
      "resolved": "https://registry.npmjs.org/@swc/core-darwin-x64/-/core-darwin-x64-1.2.196.tgz",
      "integrity": "sha512-1z0ROEMIKjAqEc/jNdZwcdgWzUqw/mHmhQABm1J6lUf3UEucUAy/4cniWPHXKKRCdj7Eq7kHtU52ynQpB/ii0Q==",
      "optional": true
    },
    "@swc/core-freebsd-x64": {
      "version": "1.2.196",
      "resolved": "https://registry.npmjs.org/@swc/core-freebsd-x64/-/core-freebsd-x64-1.2.196.tgz",
      "integrity": "sha512-KjUo4Vgs7AuGhLJCE5yeVazTUpoiRNuaLbRxnXIC7Ua7T4JpnO9lc34aWWUhz8Gu7QLEWpLFMM52W+bwVeBi7A==",
      "optional": true
    },
    "@swc/core-linux-arm-gnueabihf": {
      "version": "1.2.196",
      "resolved": "https://registry.npmjs.org/@swc/core-linux-arm-gnueabihf/-/core-linux-arm-gnueabihf-1.2.196.tgz",
      "integrity": "sha512-n7V9GyPQ7H6UvJKB15K0vHek2WihbPdv866h2LG1Lrw5mxxDs5A4o7hj4scKF355kjyj9LI+4GykT3R9MpIWzw==",
      "optional": true
    },
    "@swc/core-linux-arm64-gnu": {
      "version": "1.2.196",
      "resolved": "https://registry.npmjs.org/@swc/core-linux-arm64-gnu/-/core-linux-arm64-gnu-1.2.196.tgz",
      "integrity": "sha512-1ToeE8/5Ew8HEa3GQf9znijzpmNf5jnnU39mrO0dpmhiUJVgRU/IBoe45t0I8R84PRDfayqoSfq0vPt7dWSjdQ==",
      "optional": true
    },
    "@swc/core-linux-arm64-musl": {
      "version": "1.2.196",
      "resolved": "https://registry.npmjs.org/@swc/core-linux-arm64-musl/-/core-linux-arm64-musl-1.2.196.tgz",
      "integrity": "sha512-93Pvb0lpgL/B7Em+qAScYsf4QvE4OmuTQ+aXRz4VsKiw/+DQKt5jUmCzkYa4ecSvSur3rlqFLMU8ufPI7EF22g==",
      "optional": true
    },
    "@swc/core-linux-x64-gnu": {
      "version": "1.2.196",
      "resolved": "https://registry.npmjs.org/@swc/core-linux-x64-gnu/-/core-linux-x64-gnu-1.2.196.tgz",
      "integrity": "sha512-JZkQ/ETPCNae8hOOfVOBHJuy9vhSJwdzWFO1Kd8PhyDyCi0caNX8Tu3mgGTZJ0UToP0ot7mC945+1w4lcuQPBA==",
      "optional": true
    },
    "@swc/core-linux-x64-musl": {
      "version": "1.2.196",
      "resolved": "https://registry.npmjs.org/@swc/core-linux-x64-musl/-/core-linux-x64-musl-1.2.196.tgz",
      "integrity": "sha512-TJAfEf7l79mceXO3AXaf4Lun8ZjjaHXMlQe/3QrtblxKUFeHgFDbQeabjcgsYyNzAffPXDLsKVvmC4GJTu35DQ==",
      "optional": true
    },
    "@swc/core-win32-arm64-msvc": {
      "version": "1.2.196",
      "resolved": "https://registry.npmjs.org/@swc/core-win32-arm64-msvc/-/core-win32-arm64-msvc-1.2.196.tgz",
      "integrity": "sha512-WDQ9HZZ8SrInw2kisBPbNg8W0IgA8P9eGijQeigyvT2rT81A/Gj9G57YMq0fQclcodBLr6SJPDIHh4fC8JInFg==",
      "optional": true
    },
    "@swc/core-win32-ia32-msvc": {
      "version": "1.2.196",
      "resolved": "https://registry.npmjs.org/@swc/core-win32-ia32-msvc/-/core-win32-ia32-msvc-1.2.196.tgz",
      "integrity": "sha512-c355907n5RCeuF99/3nFmJdiw4Ask0BwH7hs+4Y1dcOzC/FYvh2TmYZ+VTJzL78TiIekmvi4buxGqFvHePZ2Pw==",
      "optional": true
    },
    "@swc/core-win32-x64-msvc": {
      "version": "1.2.196",
      "resolved": "https://registry.npmjs.org/@swc/core-win32-x64-msvc/-/core-win32-x64-msvc-1.2.196.tgz",
      "integrity": "sha512-zQKrvEDmTqMd1lwbQ4KcBVKQ2OVoQlX1I/kZNISZlh/+UhBpKnkqQme/76wtILH9r0Lz+ujumL2ZvwoVAzAJkQ==",
      "optional": true
    },
    "@types/node": {
      "version": "17.0.36",
      "resolved": "https://registry.npmjs.org/@types/node/-/node-17.0.36.tgz",
      "integrity": "sha512-V3orv+ggDsWVHP99K3JlwtH20R7J4IhI1Kksgc+64q5VxgfRkQG8Ws3MFm/FZOKDYGy9feGFlZ70/HpCNe9QaA==",
      "dev": true
    },
    "typescript": {
      "version": "4.7.2",
      "resolved": "https://registry.npmjs.org/typescript/-/typescript-4.7.2.tgz",
      "integrity": "sha512-Mamb1iX2FDUpcTRzltPxgWMKy3fhg0TN378ylbktPGPK/99KbDtMQ4W1hwgsbPAsG3a0xKa1vmw4VKZQbkvz5A==",
      "dev": true
    }
  }
}
